
Microsoft Visual Studio Solution File, Format Version 12.00
# Visual Studio 14
VisualStudioVersion = 14.0.25123.0
MinimumVisualStudioVersion = 10.0.40219.1
Project("{FAE04EC0-301F-11D3-BF4B-00C04F79EFBC}") = "SpreadSheetsReports", "SpreadSheetsReports\SpreadSheetsReports.csproj", "{83A56F6B-AEAA-407D-9846-AE04F29182FF}"
EndProject
Project("{FAE04EC0-301F-11D3-BF4B-00C04F79EFBC}") = "SpreadSheetsReports.WpfUi", "SpreadSheetsReports.WpfUi\SpreadSheetsReports.WpfUi.csproj", "{BA2C15A5-B0FC-43FD-AF26-87C0EE690B31}"
EndProject
Project("{FAE04EC0-301F-11D3-BF4B-00C04F79EFBC}") = "SpreadSheetsReports.NPOIRenderer", "SpreadSheetsReports.NPOIRenderer\SpreadSheetsReports.NPOIRenderer.csproj", "{3C83B237-AD64-474B-B674-922840D6CCB5}"
EndProject
Project("{FAE04EC0-301F-11D3-BF4B-00C04F79EFBC}") = "SpreadSheetsReports.SpreadsheetLightRenderer", "SpreadSheetsReports.SpreadsheetLightRenderer\SpreadSheetsReports.SpreadsheetLightRenderer.csproj", "{5BC16EC3-E8F0-48EB-9E6B-AA2F6E806890}"
EndProject
Project("{FAE04EC0-301F-11D3-BF4B-00C04F79EFBC}") = "SpreadSheetsReports.Sandbox", "SpreadSheetReports.Sandbox\SpreadSheetsReports.Sandbox.csproj", "{C114138F-AEC2-4692-9E9C-2693F0FFC502}"
EndProject
Global
	GlobalSection(SolutionConfigurationPlatforms) = preSolution
		Debug|Any CPU = Debug|Any CPU
		Release|Any CPU = Release|Any CPU
	EndGlobalSection
	GlobalSection(ProjectConfigurationPlatforms) = postSolution
		{83A56F6B-AEAA-407D-9846-AE04F29182FF}.Debug|Any CPU.ActiveCfg = Debug|Any CPU
		{83A56F6B-AEAA-407D-9846-AE04F29182FF}.Debug|Any CPU.Build.0 = Debug|Any CPU
		{83A56F6B-AEAA-407D-9846-AE04F29182FF}.Release|Any CPU.ActiveCfg = Release|Any CPU
		{83A56F6B-AEAA-407D-9846-AE04F29182FF}.Release|Any CPU.Build.0 = Release|Any CPU
		{BA2C15A5-B0FC-43FD-AF26-87C0EE690B31}.Debug|Any CPU.ActiveCfg = Debug|Any CPU
		{BA2C15A5-B0FC-43FD-AF26-87C0EE690B31}.Debug|Any CPU.Build.0 = Debug|Any CPU
		{BA2C15A5-B0FC-43FD-AF26-87C0EE690B31}.Release|Any CPU.ActiveCfg = Release|Any CPU
		{BA2C15A5-B0FC-43FD-AF26-87C0EE690B31}.Release|Any CPU.Build.0 = Release|Any CPU
		{3C83B237-AD64-474B-B674-922840D6CCB5}.Debug|Any CPU.ActiveCfg = Debug|Any CPU
		{3C83B237-AD64-474B-B674-922840D6CCB5}.Debug|Any CPU.Build.0 = Debug|Any CPU
		{3C83B237-AD64-474B-B674-922840D6CCB5}.Release|Any CPU.ActiveCfg = Release|Any CPU
		{3C83B237-AD64-474B-B674-922840D6CCB5}.Release|Any CPU.Build.0 = Release|Any CPU
		{5BC16EC3-E8F0-48EB-9E6B-AA2F6E806890}.Debug|Any CPU.ActiveCfg = Debug|Any CPU
		{5BC16EC3-E8F0-48EB-9E6B-AA2F6E806890}.Debug|Any CPU.Build.0 = Debug|Any CPU
		{5BC16EC3-E8F0-48EB-9E6B-AA2F6E806890}.Release|Any CPU.ActiveCfg = Release|Any CPU
		{5BC16EC3-E8F0-48EB-9E6B-AA2F6E806890}.Release|Any CPU.Build.0 = Release|Any CPU
		{C114138F-AEC2-4692-9E9C-2693F0FFC502}.Debug|Any CPU.ActiveCfg = Debug|Any CPU
		{C114138F-AEC2-4692-9E9C-2693F0FFC502}.Debug|Any CPU.Build.0 = Debug|Any CPU
		{C114138F-AEC2-4692-9E9C-2693F0FFC502}.Release|Any CPU.ActiveCfg = Release|Any CPU
		{C114138F-AEC2-4692-9E9C-2693F0FFC502}.Release|Any CPU.Build.0 = Release|Any CPU
	EndGlobalSection
	GlobalSection(SolutionProperties) = preSolution
		HideSolutionNode = FALSE
	EndGlobalSection
EndGlobal
