
Microsoft Visual Studio Solution File, Format Version 12.00
# Visual Studio 14
VisualStudioVersion = 14.0.23107.0
MinimumVisualStudioVersion = 10.0.40219.1
Project("{FAE04EC0-301F-11D3-BF4B-00C04F79EFBC}") = "SpreadSheetsReports", "SpreadSheetsReports\SpreadSheetsReports.csproj", "{83A56F6B-AEAA-407D-9846-AE04F29182FF}"
EndProject
Project("{FAE04EC0-301F-11D3-BF4B-00C04F79EFBC}") = "SpreadSheetsReports.WpfUi", "SpreadSheetsReports.WpfUi\SpreadSheetsReports.WpfUi.csproj", "{BA2C15A5-B0FC-43FD-AF26-87C0EE690B31}"
EndProject
Global
	GlobalSection(SolutionConfigurationPlatforms) = preSolution
		Debug|Any CPU = Debug|Any CPU
		Release|Any CPU = Release|Any CPU
	EndGlobalSection
	GlobalSection(ProjectConfigurationPlatforms) = postSolution
		{83A56F6B-AEAA-407D-9846-AE04F29182FF}.Debug|Any CPU.ActiveCfg = Debug|Any CPU
		{83A56F6B-AEAA-407D-9846-AE04F29182FF}.Debug|Any CPU.Build.0 = Debug|Any CPU
		{83A56F6B-AEAA-407D-9846-AE04F29182FF}.Release|Any CPU.ActiveCfg = Release|Any CPU
		{83A56F6B-AEAA-407D-9846-AE04F29182FF}.Release|Any CPU.Build.0 = Release|Any CPU
		{BA2C15A5-B0FC-43FD-AF26-87C0EE690B31}.Debug|Any CPU.ActiveCfg = Debug|Any CPU
		{BA2C15A5-B0FC-43FD-AF26-87C0EE690B31}.Debug|Any CPU.Build.0 = Debug|Any CPU
		{BA2C15A5-B0FC-43FD-AF26-87C0EE690B31}.Release|Any CPU.ActiveCfg = Release|Any CPU
		{BA2C15A5-B0FC-43FD-AF26-87C0EE690B31}.Release|Any CPU.Build.0 = Release|Any CPU
	EndGlobalSection
	GlobalSection(SolutionProperties) = preSolution
		HideSolutionNode = FALSE
	EndGlobalSection
EndGlobal
